Microsoft Visual Studio Solution File, Format Version 12.00
# Visual Studio Version 17
VisualStudioVersion = 17.5.2.0
MinimumVisualStudioVersion = 10.0.40219.1
Project("{2150E333-8FDC-42A3-9474-1A3956D46DE8}") = "iis", "iis", "{DF2A4F0D-02D3-7625-98A2-C98AAB9AAD01}"
EndProject
Project("{FAE04EC0-301F-11D3-BF4B-00C04F79EFBC}") = "DefenseModule", "iis\DefenseModule\DefenseModule.csproj", "{472B95C7-DDEE-5D3A-EDE1-CE4CF8AE97C1}"
EndProject
Global
	GlobalSection(SolutionConfigurationPlatforms) = preSolution
		Debug|Any CPU = Debug|Any CPU
		Release|Any CPU = Release|Any CPU
	EndGlobalSection
	GlobalSection(ProjectConfigurationPlatforms) = postSolution
		{472B95C7-DDEE-5D3A-EDE1-CE4CF8AE97C1}.Debug|Any CPU.ActiveCfg = Debug|Any CPU
		{472B95C7-DDEE-5D3A-EDE1-CE4CF8AE97C1}.Debug|Any CPU.Build.0 = Debug|Any CPU
		{472B95C7-DDEE-5D3A-EDE1-CE4CF8AE97C1}.Release|Any CPU.ActiveCfg = Release|Any CPU
		{472B95C7-DDEE-5D3A-EDE1-CE4CF8AE97C1}.Release|Any CPU.Build.0 = Release|Any CPU
	EndGlobalSection
	GlobalSection(SolutionProperties) = preSolution
		HideSolutionNode = FALSE
	EndGlobalSection
	GlobalSection(NestedProjects) = preSolution
		{472B95C7-DDEE-5D3A-EDE1-CE4CF8AE97C1} = {DF2A4F0D-02D3-7625-98A2-C98AAB9AAD01}
	EndGlobalSection
	GlobalSection(ExtensibilityGlobals) = postSolution
		SolutionGuid = {F5D18EE2-61B9-492A-AA5F-A5A582466F47}
	EndGlobalSection
EndGlobal
